
Microsoft Visual Studio Solution File, Format Version 12.00
# Visual Studio Version 16
VisualStudioVersion = 16.0.30804.86
MinimumVisualStudioVersion = 10.0.40219.1
Project("{FAE04EC0-301F-11D3-BF4B-00C04F79EFBC}") = "CMTS", "CMTS\CMTS.csproj", "{54ACAEA1-3EFA-4A34-9C16-74B88D710419}"
EndProject
Project("{FAE04EC0-301F-11D3-BF4B-00C04F79EFBC}") = "CMTS.Core", "CMTS.Core\CMTS.Core.csproj", "{6B9B663E-FE0A-4060-AACC-3B7F0EC9C212}"
EndProject
Project("{FAE04EC0-301F-11D3-BF4B-00C04F79EFBC}") = "CMTS.Core.Tests", "CMTS.Core.Tests\CMTS.Core.Tests.csproj", "{6CB468BD-C049-41D3-B832-804B4B4EC90C}"
EndProject
Global
	GlobalSection(SolutionConfigurationPlatforms) = preSolution
		Debug|Any CPU = Debug|Any CPU
		Release|Any CPU = Release|Any CPU
	EndGlobalSection
	GlobalSection(ProjectConfigurationPlatforms) = postSolution
		{54ACAEA1-3EFA-4A34-9C16-74B88D710419}.Debug|Any CPU.ActiveCfg = Debug|Any CPU
		{54ACAEA1-3EFA-4A34-9C16-74B88D710419}.Debug|Any CPU.Build.0 = Debug|Any CPU
		{54ACAEA1-3EFA-4A34-9C16-74B88D710419}.Release|Any CPU.ActiveCfg = Release|Any CPU
		{54ACAEA1-3EFA-4A34-9C16-74B88D710419}.Release|Any CPU.Build.0 = Release|Any CPU
		{6B9B663E-FE0A-4060-AACC-3B7F0EC9C212}.Debug|Any CPU.ActiveCfg = Debug|Any CPU
		{6B9B663E-FE0A-4060-AACC-3B7F0EC9C212}.Debug|Any CPU.Build.0 = Debug|Any CPU
		{6B9B663E-FE0A-4060-AACC-3B7F0EC9C212}.Release|Any CPU.ActiveCfg = Release|Any CPU
		{6B9B663E-FE0A-4060-AACC-3B7F0EC9C212}.Release|Any CPU.Build.0 = Release|Any CPU
		{6CB468BD-C049-41D3-B832-804B4B4EC90C}.Debug|Any CPU.ActiveCfg = Debug|Any CPU
		{6CB468BD-C049-41D3-B832-804B4B4EC90C}.Debug|Any CPU.Build.0 = Debug|Any CPU
		{6CB468BD-C049-41D3-B832-804B4B4EC90C}.Release|Any CPU.ActiveCfg = Release|Any CPU
		{6CB468BD-C049-41D3-B832-804B4B4EC90C}.Release|Any CPU.Build.0 = Release|Any CPU
	EndGlobalSection
	GlobalSection(SolutionProperties) = preSolution
		HideSolutionNode = FALSE
	EndGlobalSection
	GlobalSection(ExtensibilityGlobals) = postSolution
		SolutionGuid = {F0C9DF5D-AFDA-44A4-9100-F0E588275495}
	EndGlobalSection
EndGlobal
